{
    "_meta": {
        "hash": {
            "sha256": "0a95db5238e6a48ee3976fb7a4401904e4c084f0fb9f72dd86d9cd9e2e8ecff7"
        },
        "pipfile-spec": 6,
        "requires": {
            "python_version": "3.10"
        },
        "sources": [
            {
                "name": "pypi",
                "url": "https://pypi.org/simple",
                "verify_ssl": true
            }
        ]
    },
    "default": {
        "joblib": {
            "hashes": [
                "sha256:206144b320246485b712fc8cc51f017de58225fa8b414a1fe1764a7231aca491",
                "sha256:d8757f955389a3dd7a23152e43bc297c2e0c2d3060056dad0feefc88a06939b5"
            ],
            "index": "pypi",
            "markers": "python_version >= '3.9'",
            "version": "==1.5.0"
        }
    },
    "develop": {}
}
